
Microsoft Visual Studio Solution File, Format Version 12.00
# Visual Studio Version 16
VisualStudioVersion = 16.0.30204.135
MinimumVisualStudioVersion = 10.0.40219.1
Project("{F184B08F-C81C-45F6-A57F-5ABD9991F28F}") = "ClassTable", "ClassTable\ClassTable.vbproj", "{33F62D9B-8562-422F-8B2C-D1E5DDDB277A}"
EndProject
Project("{54435603-DBB4-11D2-8724-00A0C9A8B90C}") = "ClassTable Installer", "ClassTable Installer\ClassTable Installer.vdproj", "{531510DB-3F6E-4AB9-B25E-146DA3929E61}"
EndProject
Global
	GlobalSection(SolutionConfigurationPlatforms) = preSolution
		Debug|Any CPU = Debug|Any CPU
		Release|Any CPU = Release|Any CPU
	EndGlobalSection
	GlobalSection(ProjectConfigurationPlatforms) = postSolution
		{33F62D9B-8562-422F-8B2C-D1E5DDDB277A}.Debug|Any CPU.ActiveCfg = Debug|Any CPU
		{33F62D9B-8562-422F-8B2C-D1E5DDDB277A}.Debug|Any CPU.Build.0 = Debug|Any CPU
		{33F62D9B-8562-422F-8B2C-D1E5DDDB277A}.Release|Any CPU.ActiveCfg = Release|Any CPU
		{33F62D9B-8562-422F-8B2C-D1E5DDDB277A}.Release|Any CPU.Build.0 = Release|Any CPU
		{531510DB-3F6E-4AB9-B25E-146DA3929E61}.Debug|Any CPU.ActiveCfg = Debug
		{531510DB-3F6E-4AB9-B25E-146DA3929E61}.Release|Any CPU.ActiveCfg = Release
		{531510DB-3F6E-4AB9-B25E-146DA3929E61}.Release|Any CPU.Build.0 = Release
	EndGlobalSection
	GlobalSection(SolutionProperties) = preSolution
		HideSolutionNode = FALSE
	EndGlobalSection
	GlobalSection(ExtensibilityGlobals) = postSolution
		SolutionGuid = {2505FAA1-4EBA-419C-9BC3-8EB4F50EF6C5}
	EndGlobalSection
EndGlobal
